
Microsoft Visual Studio Solution File, Format Version 12.00
# Visual Studio Version 16
VisualStudioVersion = 25.0.1706.7
MinimumVisualStudioVersion = 10.0.40219.1
Project("{FAE04EC0-301F-11D3-BF4B-00C04F79EFBC}") = "01. Hello SoftUni", "01. Hello SoftUni\01. Hello SoftUni.csproj", "{7A62142D-FE2D-4819-883B-27E2E87357B3}"
EndProject
Project("{FAE04EC0-301F-11D3-BF4B-00C04F79EFBC}") = "02 - Greeting", "02 - Greeting\02 - Greeting.csproj", "{C6521529-273C-46F9-BB10-2AB7E14631AA}"
EndProject
Project("{FAE04EC0-301F-11D3-BF4B-00C04F79EFBC}") = "03 - CustomerInfo", "03 - CustomerInfo\03 - CustomerInfo.csproj", "{B05FA77F-C300-4BBE-BBAD-AF53493014A1}"
EndProject
Project("{FAE04EC0-301F-11D3-BF4B-00C04F79EFBC}") = "04 - Person Info", "04 - Person Info\04 - Person Info.csproj", "{D018DCBB-C7A3-401F-B2EF-263FFF321804}"
EndProject
Project("{FAE04EC0-301F-11D3-BF4B-00C04F79EFBC}") = "05 - Town Info", "05 - Town Info\05 - Town Info.csproj", "{B35B5B8D-D31D-4517-870A-9DFE70A1BFA6}"
EndProject
Global
	GlobalSection(SolutionConfigurationPlatforms) = preSolution
		Debug|Any CPU = Debug|Any CPU
		Release|Any CPU = Release|Any CPU
	EndGlobalSection
	GlobalSection(ProjectConfigurationPlatforms) = postSolution
		{7A62142D-FE2D-4819-883B-27E2E87357B3}.Debug|Any CPU.ActiveCfg = Debug|Any CPU
		{7A62142D-FE2D-4819-883B-27E2E87357B3}.Debug|Any CPU.Build.0 = Debug|Any CPU
		{7A62142D-FE2D-4819-883B-27E2E87357B3}.Release|Any CPU.ActiveCfg = Release|Any CPU
		{7A62142D-FE2D-4819-883B-27E2E87357B3}.Release|Any CPU.Build.0 = Release|Any CPU
		{C6521529-273C-46F9-BB10-2AB7E14631AA}.Debug|Any CPU.ActiveCfg = Debug|Any CPU
		{C6521529-273C-46F9-BB10-2AB7E14631AA}.Debug|Any CPU.Build.0 = Debug|Any CPU
		{C6521529-273C-46F9-BB10-2AB7E14631AA}.Release|Any CPU.ActiveCfg = Release|Any CPU
		{C6521529-273C-46F9-BB10-2AB7E14631AA}.Release|Any CPU.Build.0 = Release|Any CPU
		{B05FA77F-C300-4BBE-BBAD-AF53493014A1}.Debug|Any CPU.ActiveCfg = Debug|Any CPU
		{B05FA77F-C300-4BBE-BBAD-AF53493014A1}.Debug|Any CPU.Build.0 = Debug|Any CPU
		{B05FA77F-C300-4BBE-BBAD-AF53493014A1}.Release|Any CPU.ActiveCfg = Release|Any CPU
		{B05FA77F-C300-4BBE-BBAD-AF53493014A1}.Release|Any CPU.Build.0 = Release|Any CPU
		{D018DCBB-C7A3-401F-B2EF-263FFF321804}.Debug|Any CPU.ActiveCfg = Debug|Any CPU
		{D018DCBB-C7A3-401F-B2EF-263FFF321804}.Debug|Any CPU.Build.0 = Debug|Any CPU
		{D018DCBB-C7A3-401F-B2EF-263FFF321804}.Release|Any CPU.ActiveCfg = Release|Any CPU
		{D018DCBB-C7A3-401F-B2EF-263FFF321804}.Release|Any CPU.Build.0 = Release|Any CPU
		{B35B5B8D-D31D-4517-870A-9DFE70A1BFA6}.Debug|Any CPU.ActiveCfg = Debug|Any CPU
		{B35B5B8D-D31D-4517-870A-9DFE70A1BFA6}.Debug|Any CPU.Build.0 = Debug|Any CPU
		{B35B5B8D-D31D-4517-870A-9DFE70A1BFA6}.Release|Any CPU.ActiveCfg = Release|Any CPU
		{B35B5B8D-D31D-4517-870A-9DFE70A1BFA6}.Release|Any CPU.Build.0 = Release|Any CPU
	EndGlobalSection
	GlobalSection(SolutionProperties) = preSolution
		HideSolutionNode = FALSE
	EndGlobalSection
	GlobalSection(ExtensibilityGlobals) = postSolution
		SolutionGuid = {60FD9E1F-3522-412A-8849-5ADE98E47E20}
	EndGlobalSection
EndGlobal
