
Microsoft Visual Studio Solution File, Format Version 12.00
# Visual Studio Version 16
VisualStudioVersion = 25.0.1706.8
MinimumVisualStudioVersion = 10.0.40219.1
Project("{FAE04EC0-301F-11D3-BF4B-00C04F79EFBC}") = "1. PowerOfNumber-For", "1. PowerOfNumber-For\1. PowerOfNumber-For.csproj", "{CFF769C6-8E7C-4EE6-A225-316D993EACB0}"
EndProject
Project("{FAE04EC0-301F-11D3-BF4B-00C04F79EFBC}") = "2. MultiplicationTable", "2. MultiplicationTable\2. MultiplicationTable.csproj", "{4AB64689-B3A1-4B10-A781-9461684747F1}"
EndProject
Project("{FAE04EC0-301F-11D3-BF4B-00C04F79EFBC}") = "3. BiggestNumber", "3. BiggestNumber\3. BiggestNumber.csproj", "{C9EE45E8-E9C1-4453-8887-C2303DC9BB1A}"
EndProject
Project("{FAE04EC0-301F-11D3-BF4B-00C04F79EFBC}") = "4. VowelSum", "4. VowelSum\4. VowelSum.csproj", "{55847837-F53B-4BC4-B199-617555D467B8}"
EndProject
Project("{FAE04EC0-301F-11D3-BF4B-00C04F79EFBC}") = "5. DivisionTo2-3-4", "5. DivisionTo2-3-4\5. DivisionTo2-3-4.csproj", "{63FAA848-A311-45C7-8024-5624F57601BF}"
EndProject
Project("{FAE04EC0-301F-11D3-BF4B-00C04F79EFBC}") = "6. SpecialNumber", "6. SpecialNumber\6. SpecialNumber.csproj", "{0A0122C0-2BF0-4F78-917B-353812E576B8}"
EndProject
Project("{FAE04EC0-301F-11D3-BF4B-00C04F79EFBC}") = "7. SpecialBunus", "7. SpecialBunus\7. SpecialBunus.csproj", "{296F6212-20DA-4B33-815B-6B1195CBD70F}"
EndProject
Project("{FAE04EC0-301F-11D3-BF4B-00C04F79EFBC}") = "8. AccountBalance", "8. AccountBalance\8. AccountBalance.csproj", "{BD091093-470D-4557-A0B6-EDEF0CC5441B}"
EndProject
Global
	GlobalSection(SolutionConfigurationPlatforms) = preSolution
		Debug|Any CPU = Debug|Any CPU
		Release|Any CPU = Release|Any CPU
	EndGlobalSection
	GlobalSection(ProjectConfigurationPlatforms) = postSolution
		{CFF769C6-8E7C-4EE6-A225-316D993EACB0}.Debug|Any CPU.ActiveCfg = Debug|Any CPU
		{CFF769C6-8E7C-4EE6-A225-316D993EACB0}.Debug|Any CPU.Build.0 = Debug|Any CPU
		{CFF769C6-8E7C-4EE6-A225-316D993EACB0}.Release|Any CPU.ActiveCfg = Release|Any CPU
		{CFF769C6-8E7C-4EE6-A225-316D993EACB0}.Release|Any CPU.Build.0 = Release|Any CPU
		{4AB64689-B3A1-4B10-A781-9461684747F1}.Debug|Any CPU.ActiveCfg = Debug|Any CPU
		{4AB64689-B3A1-4B10-A781-9461684747F1}.Debug|Any CPU.Build.0 = Debug|Any CPU
		{4AB64689-B3A1-4B10-A781-9461684747F1}.Release|Any CPU.ActiveCfg = Release|Any CPU
		{4AB64689-B3A1-4B10-A781-9461684747F1}.Release|Any CPU.Build.0 = Release|Any CPU
		{C9EE45E8-E9C1-4453-8887-C2303DC9BB1A}.Debug|Any CPU.ActiveCfg = Debug|Any CPU
		{C9EE45E8-E9C1-4453-8887-C2303DC9BB1A}.Debug|Any CPU.Build.0 = Debug|Any CPU
		{C9EE45E8-E9C1-4453-8887-C2303DC9BB1A}.Release|Any CPU.ActiveCfg = Release|Any CPU
		{C9EE45E8-E9C1-4453-8887-C2303DC9BB1A}.Release|Any CPU.Build.0 = Release|Any CPU
		{55847837-F53B-4BC4-B199-617555D467B8}.Debug|Any CPU.ActiveCfg = Debug|Any CPU
		{55847837-F53B-4BC4-B199-617555D467B8}.Debug|Any CPU.Build.0 = Debug|Any CPU
		{55847837-F53B-4BC4-B199-617555D467B8}.Release|Any CPU.ActiveCfg = Release|Any CPU
		{55847837-F53B-4BC4-B199-617555D467B8}.Release|Any CPU.Build.0 = Release|Any CPU
		{63FAA848-A311-45C7-8024-5624F57601BF}.Debug|Any CPU.ActiveCfg = Debug|Any CPU
		{63FAA848-A311-45C7-8024-5624F57601BF}.Debug|Any CPU.Build.0 = Debug|Any CPU
		{63FAA848-A311-45C7-8024-5624F57601BF}.Release|Any CPU.ActiveCfg = Release|Any CPU
		{63FAA848-A311-45C7-8024-5624F57601BF}.Release|Any CPU.Build.0 = Release|Any CPU
		{0A0122C0-2BF0-4F78-917B-353812E576B8}.Debug|Any CPU.ActiveCfg = Debug|Any CPU
		{0A0122C0-2BF0-4F78-917B-353812E576B8}.Debug|Any CPU.Build.0 = Debug|Any CPU
		{0A0122C0-2BF0-4F78-917B-353812E576B8}.Release|Any CPU.ActiveCfg = Release|Any CPU
		{0A0122C0-2BF0-4F78-917B-353812E576B8}.Release|Any CPU.Build.0 = Release|Any CPU
		{296F6212-20DA-4B33-815B-6B1195CBD70F}.Debug|Any CPU.ActiveCfg = Debug|Any CPU
		{296F6212-20DA-4B33-815B-6B1195CBD70F}.Debug|Any CPU.Build.0 = Debug|Any CPU
		{296F6212-20DA-4B33-815B-6B1195CBD70F}.Release|Any CPU.ActiveCfg = Release|Any CPU
		{296F6212-20DA-4B33-815B-6B1195CBD70F}.Release|Any CPU.Build.0 = Release|Any CPU
		{BD091093-470D-4557-A0B6-EDEF0CC5441B}.Debug|Any CPU.ActiveCfg = Debug|Any CPU
		{BD091093-470D-4557-A0B6-EDEF0CC5441B}.Debug|Any CPU.Build.0 = Debug|Any CPU
		{BD091093-470D-4557-A0B6-EDEF0CC5441B}.Release|Any CPU.ActiveCfg = Release|Any CPU
		{BD091093-470D-4557-A0B6-EDEF0CC5441B}.Release|Any CPU.Build.0 = Release|Any CPU
	EndGlobalSection
	GlobalSection(SolutionProperties) = preSolution
		HideSolutionNode = FALSE
	EndGlobalSection
	GlobalSection(ExtensibilityGlobals) = postSolution
		SolutionGuid = {B598F58B-F0B6-4DCE-A047-2D078F939613}
	EndGlobalSection
EndGlobal
