
Microsoft Visual Studio Solution File, Format Version 12.00
# Visual Studio Version 16
VisualStudioVersion = 25.0.1706.8
MinimumVisualStudioVersion = 10.0.40219.1
Project("{FAE04EC0-301F-11D3-BF4B-00C04F79EFBC}") = "1.CountLetters", "1.CountLetters\1.CountLetters.csproj", "{963FCE16-DC60-4E52-B922-7F089D842127}"
EndProject
Project("{FAE04EC0-301F-11D3-BF4B-00C04F79EFBC}") = "2.MaxMinNumberInRange", "2.MaxMinNumberInRange\2.MaxMinNumberInRange.csproj", "{131A6991-4D40-4023-BEB2-E9F6C8C31D94}"
EndProject
Global
	GlobalSection(SolutionConfigurationPlatforms) = preSolution
		Debug|Any CPU = Debug|Any CPU
		Release|Any CPU = Release|Any CPU
	EndGlobalSection
	GlobalSection(ProjectConfigurationPlatforms) = postSolution
		{963FCE16-DC60-4E52-B922-7F089D842127}.Debug|Any CPU.ActiveCfg = Debug|Any CPU
		{963FCE16-DC60-4E52-B922-7F089D842127}.Debug|Any CPU.Build.0 = Debug|Any CPU
		{963FCE16-DC60-4E52-B922-7F089D842127}.Release|Any CPU.ActiveCfg = Release|Any CPU
		{963FCE16-DC60-4E52-B922-7F089D842127}.Release|Any CPU.Build.0 = Release|Any CPU
		{131A6991-4D40-4023-BEB2-E9F6C8C31D94}.Debug|Any CPU.ActiveCfg = Debug|Any CPU
		{131A6991-4D40-4023-BEB2-E9F6C8C31D94}.Debug|Any CPU.Build.0 = Debug|Any CPU
		{131A6991-4D40-4023-BEB2-E9F6C8C31D94}.Release|Any CPU.ActiveCfg = Release|Any CPU
		{131A6991-4D40-4023-BEB2-E9F6C8C31D94}.Release|Any CPU.Build.0 = Release|Any CPU
	EndGlobalSection
	GlobalSection(SolutionProperties) = preSolution
		HideSolutionNode = FALSE
	EndGlobalSection
	GlobalSection(ExtensibilityGlobals) = postSolution
		SolutionGuid = {1F689FCD-B5D8-4A02-AAD5-35DBB8886A75}
	EndGlobalSection
EndGlobal
