
Microsoft Visual Studio Solution File, Format Version 12.00
# Visual Studio Version 16
VisualStudioVersion = 25.0.1706.8
MinimumVisualStudioVersion = 10.0.40219.1
Project("{FAE04EC0-301F-11D3-BF4B-00C04F79EFBC}") = "1. NumbersFromNto1", "1. NumbersFromNto1\1. NumbersFromNto1.csproj", "{66331EC1-5BBD-4B6A-8F74-453A03194B2C}"
EndProject
Project("{FAE04EC0-301F-11D3-BF4B-00C04F79EFBC}") = "2. EvenPowersOf2", "2. EvenPowersOf2\2. EvenPowersOf2.csproj", "{E50E7D8C-DD28-4E62-935E-D91BFCE6360B}"
EndProject
Project("{FAE04EC0-301F-11D3-BF4B-00C04F79EFBC}") = "3. TriangleOfStars", "3. TriangleOfStars\3. TriangleOfStars.csproj", "{3A3E2A23-97A9-48B5-9FB3-A15F5F7A7B9E}"
EndProject
Project("{FAE04EC0-301F-11D3-BF4B-00C04F79EFBC}") = "4. Building", "4. Building\4. Building.csproj", "{EA2F2C7E-7F3D-4299-9B43-BF09012C7643}"
EndProject
Project("{FAE04EC0-301F-11D3-BF4B-00C04F79EFBC}") = "6. TravelSavings", "6. TravelSavings\6. TravelSavings.csproj", "{13943C02-C781-44AB-B29F-281C69ED4EB6}"
EndProject
Project("{FAE04EC0-301F-11D3-BF4B-00C04F79EFBC}") = "5. NumberPyramid", "5. NumberPyramid\5. NumberPyramid.csproj", "{890B9DA1-7315-4CC4-9669-7F844D433056}"
EndProject
Project("{FAE04EC0-301F-11D3-BF4B-00C04F79EFBC}") = "7. SumOfDigitsCalculator", "7. SumOfDigitsCalculator\7. SumOfDigitsCalculator.csproj", "{74982C9B-6497-41DC-A024-EE94C20A8D12}"
EndProject
Project("{FAE04EC0-301F-11D3-BF4B-00C04F79EFBC}") = "8. PrimeNumbers", "8. PrimeNumbers\8. PrimeNumbers.csproj", "{24660660-EF69-41CB-AB4A-1774194A567D}"
EndProject
Global
	GlobalSection(SolutionConfigurationPlatforms) = preSolution
		Debug|Any CPU = Debug|Any CPU
		Release|Any CPU = Release|Any CPU
	EndGlobalSection
	GlobalSection(ProjectConfigurationPlatforms) = postSolution
		{66331EC1-5BBD-4B6A-8F74-453A03194B2C}.Debug|Any CPU.ActiveCfg = Debug|Any CPU
		{66331EC1-5BBD-4B6A-8F74-453A03194B2C}.Debug|Any CPU.Build.0 = Debug|Any CPU
		{66331EC1-5BBD-4B6A-8F74-453A03194B2C}.Release|Any CPU.ActiveCfg = Release|Any CPU
		{66331EC1-5BBD-4B6A-8F74-453A03194B2C}.Release|Any CPU.Build.0 = Release|Any CPU
		{E50E7D8C-DD28-4E62-935E-D91BFCE6360B}.Debug|Any CPU.ActiveCfg = Debug|Any CPU
		{E50E7D8C-DD28-4E62-935E-D91BFCE6360B}.Debug|Any CPU.Build.0 = Debug|Any CPU
		{E50E7D8C-DD28-4E62-935E-D91BFCE6360B}.Release|Any CPU.ActiveCfg = Release|Any CPU
		{E50E7D8C-DD28-4E62-935E-D91BFCE6360B}.Release|Any CPU.Build.0 = Release|Any CPU
		{3A3E2A23-97A9-48B5-9FB3-A15F5F7A7B9E}.Debug|Any CPU.ActiveCfg = Debug|Any CPU
		{3A3E2A23-97A9-48B5-9FB3-A15F5F7A7B9E}.Debug|Any CPU.Build.0 = Debug|Any CPU
		{3A3E2A23-97A9-48B5-9FB3-A15F5F7A7B9E}.Release|Any CPU.ActiveCfg = Release|Any CPU
		{3A3E2A23-97A9-48B5-9FB3-A15F5F7A7B9E}.Release|Any CPU.Build.0 = Release|Any CPU
		{EA2F2C7E-7F3D-4299-9B43-BF09012C7643}.Debug|Any CPU.ActiveCfg = Debug|Any CPU
		{EA2F2C7E-7F3D-4299-9B43-BF09012C7643}.Debug|Any CPU.Build.0 = Debug|Any CPU
		{EA2F2C7E-7F3D-4299-9B43-BF09012C7643}.Release|Any CPU.ActiveCfg = Release|Any CPU
		{EA2F2C7E-7F3D-4299-9B43-BF09012C7643}.Release|Any CPU.Build.0 = Release|Any CPU
		{13943C02-C781-44AB-B29F-281C69ED4EB6}.Debug|Any CPU.ActiveCfg = Debug|Any CPU
		{13943C02-C781-44AB-B29F-281C69ED4EB6}.Debug|Any CPU.Build.0 = Debug|Any CPU
		{13943C02-C781-44AB-B29F-281C69ED4EB6}.Release|Any CPU.ActiveCfg = Release|Any CPU
		{13943C02-C781-44AB-B29F-281C69ED4EB6}.Release|Any CPU.Build.0 = Release|Any CPU
		{890B9DA1-7315-4CC4-9669-7F844D433056}.Debug|Any CPU.ActiveCfg = Debug|Any CPU
		{890B9DA1-7315-4CC4-9669-7F844D433056}.Debug|Any CPU.Build.0 = Debug|Any CPU
		{890B9DA1-7315-4CC4-9669-7F844D433056}.Release|Any CPU.ActiveCfg = Release|Any CPU
		{890B9DA1-7315-4CC4-9669-7F844D433056}.Release|Any CPU.Build.0 = Release|Any CPU
		{74982C9B-6497-41DC-A024-EE94C20A8D12}.Debug|Any CPU.ActiveCfg = Debug|Any CPU
		{74982C9B-6497-41DC-A024-EE94C20A8D12}.Debug|Any CPU.Build.0 = Debug|Any CPU
		{74982C9B-6497-41DC-A024-EE94C20A8D12}.Release|Any CPU.ActiveCfg = Release|Any CPU
		{74982C9B-6497-41DC-A024-EE94C20A8D12}.Release|Any CPU.Build.0 = Release|Any CPU
		{24660660-EF69-41CB-AB4A-1774194A567D}.Debug|Any CPU.ActiveCfg = Debug|Any CPU
		{24660660-EF69-41CB-AB4A-1774194A567D}.Debug|Any CPU.Build.0 = Debug|Any CPU
		{24660660-EF69-41CB-AB4A-1774194A567D}.Release|Any CPU.ActiveCfg = Release|Any CPU
		{24660660-EF69-41CB-AB4A-1774194A567D}.Release|Any CPU.Build.0 = Release|Any CPU
	EndGlobalSection
	GlobalSection(SolutionProperties) = preSolution
		HideSolutionNode = FALSE
	EndGlobalSection
	GlobalSection(ExtensibilityGlobals) = postSolution
		SolutionGuid = {ACCC5C9B-460A-49C4-A9D9-A7A38F137D75}
	EndGlobalSection
EndGlobal
