
Microsoft Visual Studio Solution File, Format Version 12.00
# Visual Studio Version 16
VisualStudioVersion = 25.0.1706.8
MinimumVisualStudioVersion = 10.0.40219.1
Project("{FAE04EC0-301F-11D3-BF4B-00C04F79EFBC}") = "demo", "demo\demo.csproj", "{1D9DE8F4-7E8C-437C-85CF-D89BDDE1D4F2}"
EndProject
Project("{FAE04EC0-301F-11D3-BF4B-00C04F79EFBC}") = "Demo2", "Demo2\Demo2.csproj", "{69BA7796-8B50-46C9-8FAC-2B96E02F0E08}"
EndProject
Global
	GlobalSection(SolutionConfigurationPlatforms) = preSolution
		Debug|Any CPU = Debug|Any CPU
		Release|Any CPU = Release|Any CPU
	EndGlobalSection
	GlobalSection(ProjectConfigurationPlatforms) = postSolution
		{1D9DE8F4-7E8C-437C-85CF-D89BDDE1D4F2}.Debug|Any CPU.ActiveCfg = Debug|Any CPU
		{1D9DE8F4-7E8C-437C-85CF-D89BDDE1D4F2}.Debug|Any CPU.Build.0 = Debug|Any CPU
		{1D9DE8F4-7E8C-437C-85CF-D89BDDE1D4F2}.Release|Any CPU.ActiveCfg = Release|Any CPU
		{1D9DE8F4-7E8C-437C-85CF-D89BDDE1D4F2}.Release|Any CPU.Build.0 = Release|Any CPU
		{69BA7796-8B50-46C9-8FAC-2B96E02F0E08}.Debug|Any CPU.ActiveCfg = Debug|Any CPU
		{69BA7796-8B50-46C9-8FAC-2B96E02F0E08}.Debug|Any CPU.Build.0 = Debug|Any CPU
		{69BA7796-8B50-46C9-8FAC-2B96E02F0E08}.Release|Any CPU.ActiveCfg = Release|Any CPU
		{69BA7796-8B50-46C9-8FAC-2B96E02F0E08}.Release|Any CPU.Build.0 = Release|Any CPU
	EndGlobalSection
	GlobalSection(SolutionProperties) = preSolution
		HideSolutionNode = FALSE
	EndGlobalSection
	GlobalSection(ExtensibilityGlobals) = postSolution
		SolutionGuid = {BC4085C9-72CC-4C48-813A-1F6FDE4ACADE}
	EndGlobalSection
EndGlobal
